
Microsoft Visual Studio Solution File, Format Version 12.00
# Visual Studio Version 17
VisualStudioVersion = 17.3.32929.385
MinimumVisualStudioVersion = 10.0.40219.1
Project("{FAE04EC0-301F-11D3-BF4B-00C04F79EFBC}") = "MRConsoleUI", "MRConsoleUI\MRConsoleUI.csproj", "{AD9DDF55-4F86-4EE7-8275-22543547FC8D}"
EndProject
Project("{FAE04EC0-301F-11D3-BF4B-00C04F79EFBC}") = "MRConsoleUI.Library", "MRConsoleUI.Library\MRConsoleUI.Library.csproj", "{80084A9E-8978-42F8-81FC-5DB0E6BDA3F3}"
EndProject
Project("{FAE04EC0-301F-11D3-BF4B-00C04F79EFBC}") = "MRConsoleUI.Library.Tests", "MRConsoleUI.Library.Tests\MRConsoleUI.Library.Tests.csproj", "{ED5D160D-586D-4D89-A7EF-5C68E629C3A2}"
EndProject
Global
	GlobalSection(SolutionConfigurationPlatforms) = preSolution
		Debug|Any CPU = Debug|Any CPU
		Release|Any CPU = Release|Any CPU
	EndGlobalSection
	GlobalSection(ProjectConfigurationPlatforms) = postSolution
		{AD9DDF55-4F86-4EE7-8275-22543547FC8D}.Debug|Any CPU.ActiveCfg = Debug|Any CPU
		{AD9DDF55-4F86-4EE7-8275-22543547FC8D}.Debug|Any CPU.Build.0 = Debug|Any CPU
		{AD9DDF55-4F86-4EE7-8275-22543547FC8D}.Release|Any CPU.ActiveCfg = Release|Any CPU
		{AD9DDF55-4F86-4EE7-8275-22543547FC8D}.Release|Any CPU.Build.0 = Release|Any CPU
		{80084A9E-8978-42F8-81FC-5DB0E6BDA3F3}.Debug|Any CPU.ActiveCfg = Debug|Any CPU
		{80084A9E-8978-42F8-81FC-5DB0E6BDA3F3}.Debug|Any CPU.Build.0 = Debug|Any CPU
		{80084A9E-8978-42F8-81FC-5DB0E6BDA3F3}.Release|Any CPU.ActiveCfg = Release|Any CPU
		{80084A9E-8978-42F8-81FC-5DB0E6BDA3F3}.Release|Any CPU.Build.0 = Release|Any CPU
		{ED5D160D-586D-4D89-A7EF-5C68E629C3A2}.Debug|Any CPU.ActiveCfg = Debug|Any CPU
		{ED5D160D-586D-4D89-A7EF-5C68E629C3A2}.Debug|Any CPU.Build.0 = Debug|Any CPU
		{ED5D160D-586D-4D89-A7EF-5C68E629C3A2}.Release|Any CPU.ActiveCfg = Release|Any CPU
		{ED5D160D-586D-4D89-A7EF-5C68E629C3A2}.Release|Any CPU.Build.0 = Release|Any CPU
	EndGlobalSection
	GlobalSection(SolutionProperties) = preSolution
		HideSolutionNode = FALSE
	EndGlobalSection
	GlobalSection(ExtensibilityGlobals) = postSolution
		SolutionGuid = {A865EA43-C07B-4BC2-8073-4138395EEB8F}
	EndGlobalSection
EndGlobal
